
Microsoft Visual Studio Solution File, Format Version 12.00
# Visual Studio Version 17
VisualStudioVersion = 17.3.32804.467
MinimumVisualStudioVersion = 10.0.40219.1
Project("{FAE04EC0-301F-11D3-BF4B-00C04F79EFBC}") = "WebApplication5", "WebApplication5.csproj", "{306BDC9F-0F8E-4DC9-AFD5-CAD140866EAC}"
EndProject
Global
	GlobalSection(SolutionConfigurationPlatforms) = preSolution
		Debug|Any CPU = Debug|Any CPU
		Release|Any CPU = Release|Any CPU
	EndGlobalSection
	GlobalSection(ProjectConfigurationPlatforms) = postSolution
		{306BDC9F-0F8E-4DC9-AFD5-CAD140866EAC}.Debug|Any CPU.ActiveCfg = Debug|Any CPU
		{306BDC9F-0F8E-4DC9-AFD5-CAD140866EAC}.Debug|Any CPU.Build.0 = Debug|Any CPU
		{306BDC9F-0F8E-4DC9-AFD5-CAD140866EAC}.Release|Any CPU.ActiveCfg = Release|Any CPU
		{306BDC9F-0F8E-4DC9-AFD5-CAD140866EAC}.Release|Any CPU.Build.0 = Release|Any CPU
	EndGlobalSection
	GlobalSection(SolutionProperties) = preSolution
		HideSolutionNode = FALSE
	EndGlobalSection
	GlobalSection(ExtensibilityGlobals) = postSolution
		SolutionGuid = {FB3CDA09-B760-4BF4-9B3C-56F5305AE52E}
	EndGlobalSection
EndGlobal
