
Microsoft Visual Studio Solution File, Format Version 12.00
# Visual Studio Version 17
VisualStudioVersion = 17.2.32616.157
MinimumVisualStudioVersion = 10.0.40219.1
Project("{FAE04EC0-301F-11D3-BF4B-00C04F79EFBC}") = "ConsoleApp1", "ConsoleApp1\ConsoleApp1.csproj", "{447B743D-D265-4563-8469-947F92363857}"
EndProject
Global
	GlobalSection(SolutionConfigurationPlatforms) = preSolution
		Debug|Any CPU = Debug|Any CPU
		Release|Any CPU = Release|Any CPU
	EndGlobalSection
	GlobalSection(ProjectConfigurationPlatforms) = postSolution
		{447B743D-D265-4563-8469-947F92363857}.Debug|Any CPU.ActiveCfg = Debug|Any CPU
		{447B743D-D265-4563-8469-947F92363857}.Debug|Any CPU.Build.0 = Debug|Any CPU
		{447B743D-D265-4563-8469-947F92363857}.Release|Any CPU.ActiveCfg = Release|Any CPU
		{447B743D-D265-4563-8469-947F92363857}.Release|Any CPU.Build.0 = Release|Any CPU
	EndGlobalSection
	GlobalSection(SolutionProperties) = preSolution
		HideSolutionNode = FALSE
	EndGlobalSection
	GlobalSection(ExtensibilityGlobals) = postSolution
		SolutionGuid = {5A119FDC-12DA-4CA7-8339-83BEC4D29D3A}
	EndGlobalSection
EndGlobal
