
Microsoft Visual Studio Solution File, Format Version 12.00
# Visual Studio Version 17
VisualStudioVersion = 17.3.32804.467
MinimumVisualStudioVersion = 10.0.40219.1
Project("{FAE04EC0-301F-11D3-BF4B-00C04F79EFBC}") = "WebApi", "WebApi\WebApi.csproj", "{07FD642B-86B4-4557-ADA4-731332157AE6}"
EndProject
Project("{FAE04EC0-301F-11D3-BF4B-00C04F79EFBC}") = "01_ASPNET_MVC_ Basic", "01_ASPNET_MVC_ Basic\01_ASPNET_MVC_ Basic.csproj", "{462F38F7-E0FD-46E5-8036-90FF4C128A7F}"
EndProject
Project("{FAE04EC0-301F-11D3-BF4B-00C04F79EFBC}") = "02_ASPNET_MVC_Modified", "02_ASPNET_MVC_Modified\02_ASPNET_MVC_Modified.csproj", "{0E331EEF-805D-42AF-BA55-BBF533E596CE}"
EndProject
Global
	GlobalSection(SolutionConfigurationPlatforms) = preSolution
		Debug|Any CPU = Debug|Any CPU
		Release|Any CPU = Release|Any CPU
	EndGlobalSection
	GlobalSection(ProjectConfigurationPlatforms) = postSolution
		{07FD642B-86B4-4557-ADA4-731332157AE6}.Debug|Any CPU.ActiveCfg = Debug|Any CPU
		{07FD642B-86B4-4557-ADA4-731332157AE6}.Debug|Any CPU.Build.0 = Debug|Any CPU
		{07FD642B-86B4-4557-ADA4-731332157AE6}.Release|Any CPU.ActiveCfg = Release|Any CPU
		{07FD642B-86B4-4557-ADA4-731332157AE6}.Release|Any CPU.Build.0 = Release|Any CPU
		{462F38F7-E0FD-46E5-8036-90FF4C128A7F}.Debug|Any CPU.ActiveCfg = Debug|Any CPU
		{462F38F7-E0FD-46E5-8036-90FF4C128A7F}.Debug|Any CPU.Build.0 = Debug|Any CPU
		{462F38F7-E0FD-46E5-8036-90FF4C128A7F}.Release|Any CPU.ActiveCfg = Release|Any CPU
		{462F38F7-E0FD-46E5-8036-90FF4C128A7F}.Release|Any CPU.Build.0 = Release|Any CPU
		{0E331EEF-805D-42AF-BA55-BBF533E596CE}.Debug|Any CPU.ActiveCfg = Debug|Any CPU
		{0E331EEF-805D-42AF-BA55-BBF533E596CE}.Debug|Any CPU.Build.0 = Debug|Any CPU
		{0E331EEF-805D-42AF-BA55-BBF533E596CE}.Release|Any CPU.ActiveCfg = Release|Any CPU
		{0E331EEF-805D-42AF-BA55-BBF533E596CE}.Release|Any CPU.Build.0 = Release|Any CPU
	EndGlobalSection
	GlobalSection(SolutionProperties) = preSolution
		HideSolutionNode = FALSE
	EndGlobalSection
	GlobalSection(ExtensibilityGlobals) = postSolution
		SolutionGuid = {8CC1DF1F-4525-49A7-9901-1676C0608F5C}
	EndGlobalSection
EndGlobal
