
Microsoft Visual Studio Solution File, Format Version 12.00
# Visual Studio Version 17
VisualStudioVersion = 17.2.32616.157
MinimumVisualStudioVersion = 10.0.40219.1
Project("{FAE04EC0-301F-11D3-BF4B-00C04F79EFBC}") = "Exercise -3", "Exercise -3\Exercise -3.csproj", "{5824D1C3-35B8-4F65-B7D1-877A2F3B9FA5}"
EndProject
Global
	GlobalSection(SolutionConfigurationPlatforms) = preSolution
		Debug|Any CPU = Debug|Any CPU
		Release|Any CPU = Release|Any CPU
	EndGlobalSection
	GlobalSection(ProjectConfigurationPlatforms) = postSolution
		{5824D1C3-35B8-4F65-B7D1-877A2F3B9FA5}.Debug|Any CPU.ActiveCfg = Debug|Any CPU
		{5824D1C3-35B8-4F65-B7D1-877A2F3B9FA5}.Debug|Any CPU.Build.0 = Debug|Any CPU
		{5824D1C3-35B8-4F65-B7D1-877A2F3B9FA5}.Release|Any CPU.ActiveCfg = Release|Any CPU
		{5824D1C3-35B8-4F65-B7D1-877A2F3B9FA5}.Release|Any CPU.Build.0 = Release|Any CPU
	EndGlobalSection
	GlobalSection(SolutionProperties) = preSolution
		HideSolutionNode = FALSE
	EndGlobalSection
	GlobalSection(ExtensibilityGlobals) = postSolution
		SolutionGuid = {5316A778-FB7C-48B2-AE76-0787B440D4EC}
	EndGlobalSection
EndGlobal
